// !$*UTF8*$!
{
	archiveVersion = 1;
	classes = {
	};
	objectVersion = 50;
	objects = {

/* Begin PBXBuildFile section */
		33494685C0967635B972A2B3 /* Pods_Lab_2_MovieUITests.framework in Frameworks */ = {isa = PBXBuildFile; fileRef = 67BADA177AB80865FE08D603 /* Pods_Lab_2_MovieUITests.framework */; };
		6CC41827E432F5A639560832 /* Pods_Lab_2_Movie.framework in Frameworks */ = {isa = PBXBuildFile; fileRef = 53061FA6B430F9DF1EEC2BC1 /* Pods_Lab_2_Movie.framework */; };
		906EA1A0227CF186009D20AF /* Model.xcdatamodeld in Sources */ = {isa = PBXBuildFile; fileRef = 906EA19E227CF186009D20AF /* Model.xcdatamodeld */; };
		906EA1A2227CF4F2009D20AF /* CoreDataHandler.swift in Sources */ = {isa = PBXBuildFile; fileRef = 906EA1A1227CF4F2009D20AF /* CoreDataHandler.swift */; };
		90903A8E227B027100FDCF26 /* NewViewController.swift in Sources */ = {isa = PBXBuildFile; fileRef = 90903A8D227B027100FDCF26 /* NewViewController.swift */; };
		90903A90227B02BA00FDCF26 /* ImgTableViewController.swift in Sources */ = {isa = PBXBuildFile; fileRef = 90903A8F227B02BA00FDCF26 /* ImgTableViewController.swift */; };
		90903A92227B079B00FDCF26 /* imgDelegate.swift in Sources */ = {isa = PBXBuildFile; fileRef = 90903A91227B079B00FDCF26 /* imgDelegate.swift */; };
		90903A94227B09E200FDCF26 /* newMovieDel.swift in Sources */ = {isa = PBXBuildFile; fileRef = 90903A93227B09E200FDCF26 /* newMovieDel.swift */; };
		9093CD5B227ADA1D00457AA7 /* AppDelegate.swift in Sources */ = {isa = PBXBuildFile; fileRef = 9093CD5A227ADA1D00457AA7 /* AppDelegate.swift */; };
		9093CD60227ADA1D00457AA7 /* Main.storyboard in Resources */ = {isa = PBXBuildFile; fileRef = 9093CD5E227ADA1D00457AA7 /* Main.storyboard */; };
		9093CD62227ADA1F00457AA7 /* Assets.xcassets in Resources */ = {isa = PBXBuildFile; fileRef = 9093CD61227ADA1F00457AA7 /* Assets.xcassets */; };
		9093CD65227ADA1F00457AA7 /* LaunchScreen.storyboard in Resources */ = {isa = PBXBuildFile; fileRef = 9093CD63227ADA1F00457AA7 /* LaunchScreen.storyboard */; };
		9093CD70227ADA1F00457AA7 /* Lab_2_MovieTests.swift in Sources */ = {isa = PBXBuildFile; fileRef = 9093CD6F227ADA1F00457AA7 /* Lab_2_MovieTests.swift */; };
		9093CD7B227ADA1F00457AA7 /* Lab_2_MovieUITests.swift in Sources */ = {isa = PBXBuildFile; fileRef = 9093CD7A227ADA1F00457AA7 /* Lab_2_MovieUITests.swift */; };
		9093CD89227ADA7400457AA7 /* TableViewController.swift in Sources */ = {isa = PBXBuildFile; fileRef = 9093CD88227ADA7400457AA7 /* TableViewController.swift */; };
		9093CD8B227ADAA500457AA7 /* Movie.swift in Sources */ = {isa = PBXBuildFile; fileRef = 9093CD8A227ADAA500457AA7 /* Movie.swift */; };
		9093CD8D227ADDDD00457AA7 /* 1.jpg in Resources */ = {isa = PBXBuildFile; fileRef = 9093CD8C227ADDDD00457AA7 /* 1.jpg */; };
		9093CD90227ADE7A00457AA7 /* 2.jpg in Resources */ = {isa = PBXBuildFile; fileRef = 9093CD8E227ADE7A00457AA7 /* 2.jpg */; };
		9093CD91227ADE7A00457AA7 /* 3.jpg in Resources */ = {isa = PBXBuildFile; fileRef = 9093CD8F227ADE7A00457AA7 /* 3.jpg */; };
		9093CD93227ADF8D00457AA7 /* SecViewController.swift in Sources */ = {isa = PBXBuildFile; fileRef = 9093CD92227ADF8D00457AA7 /* SecViewController.swift */; };
		E1E0FD83A2C1BCFD06DB1E00 /* Pods_Lab_2_MovieTests.framework in Frameworks */ = {isa = PBXBuildFile; fileRef = 984A8713B0BA7DEE9C396E5E /* Pods_Lab_2_MovieTests.framework */; };
/* End PBXBuildFile section */

/* Begin PBXContainerItemProxy section */
		9093CD6C227ADA1F00457AA7 /* PBXContainerItemProxy */ = {
			isa = PBXContainerItemProxy;
			containerPortal = 9093CD4F227ADA1D00457AA7 /* Project object */;
			proxyType = 1;
			remoteGlobalIDString = 9093CD56227ADA1D00457AA7;
			remoteInfo = Lab_2_Movie;
		};
		9093CD77227ADA1F00457AA7 /* PBXContainerItemProxy */ = {
			isa = PBXContainerItemProxy;
			containerPortal = 9093CD4F227ADA1D00457AA7 /* Project object */;
			proxyType = 1;
			remoteGlobalIDString = 9093CD56227ADA1D00457AA7;
			remoteInfo = Lab_2_Movie;
		};
/* End PBXContainerItemProxy section */

/* Begin PBXFileReference section */
		46E698E563B7FF494546F5B2 /* Pods-Lab_2_MovieUITests.release.xcconfig */ = {isa = PBXFileReference; includeInIndex = 1; lastKnownFileType = text.xcconfig; name = "Pods-Lab_2_MovieUITests.release.xcconfig"; path = "Target Support Files/Pods-Lab_2_MovieUITests/Pods-Lab_2_MovieUITests.release.xcconfig"; sourceTree = "<group>"; };
		521A2DCE5650A00219BA8145 /* Pods-Lab_2_MovieTests.debug.xcconfig */ = {isa = PBXFileReference; includeInIndex = 1; lastKnownFileType = text.xcconfig; name = "Pods-Lab_2_MovieTests.debug.xcconfig"; path = "Target Support Files/Pods-Lab_2_MovieTests/Pods-Lab_2_MovieTests.debug.xcconfig"; sourceTree = "<group>"; };
		53061FA6B430F9DF1EEC2BC1 /* Pods_Lab_2_Movie.framework */ = {isa = PBXFileReference; explicitFileType = wrapper.framework; includeInIndex = 0; path = Pods_Lab_2_Movie.framework; sourceTree = BUILT_PRODUCTS_DIR; };
		5F9845967480C29470FA4251 /* Pods-Lab_2_Movie.release.xcconfig */ = {isa = PBXFileReference; includeInIndex = 1; lastKnownFileType = text.xcconfig; name = "Pods-Lab_2_Movie.release.xcconfig"; path = "Target Support Files/Pods-Lab_2_Movie/Pods-Lab_2_Movie.release.xcconfig"; sourceTree = "<group>"; };
		67BADA177AB80865FE08D603 /* Pods_Lab_2_MovieUITests.framework */ = {isa = PBXFileReference; explicitFileType = wrapper.framework; includeInIndex = 0; path = Pods_Lab_2_MovieUITests.framework; sourceTree = BUILT_PRODUCTS_DIR; };
		906EA19F227CF186009D20AF /* Model.xcdatamodel */ = {isa = PBXFileReference; lastKnownFileType = wrapper.xcdatamodel; path = Model.xcdatamodel; sourceTree = "<group>"; };
		906EA1A1227CF4F2009D20AF /* CoreDataHandler.swift */ = {isa = PBXFileReference; lastKnownFileType = sourcecode.swift; path = CoreDataHandler.swift; sourceTree = "<group>"; };
		90903A8D227B027100FDCF26 /* NewViewController.swift */ = {isa = PBXFileReference; lastKnownFileType = sourcecode.swift; path = NewViewController.swift; sourceTree = "<group>"; };
		90903A8F227B02BA00FDCF26 /* ImgTableViewController.swift */ = {isa = PBXFileReference; lastKnownFileType = sourcecode.swift; path = ImgTableViewController.swift; sourceTree = "<group>"; };
		90903A91227B079B00FDCF26 /* imgDelegate.swift */ = {isa = PBXFileReference; lastKnownFileType = sourcecode.swift; path = imgDelegate.swift; sourceTree = "<group>"; };
		90903A93227B09E200FDCF26 /* newMovieDel.swift */ = {isa = PBXFileReference; lastKnownFileType = sourcecode.swift; path = newMovieDel.swift; sourceTree = "<group>"; };
		9093CD57227ADA1D00457AA7 /* Lab_2_Movie.app */ = {isa = PBXFileReference; explicitFileType = wrapper.application; includeInIndex = 0; path = Lab_2_Movie.app; sourceTree = BUILT_PRODUCTS_DIR; };
		9093CD5A227ADA1D00457AA7 /* AppDelegate.swift */ = {isa = PBXFileReference; lastKnownFileType = sourcecode.swift; path = AppDelegate.swift; sourceTree = "<group>"; };
		9093CD5F227ADA1D00457AA7 /* Base */ = {isa = PBXFileReference; lastKnownFileType = file.storyboard; name = Base; path = Base.lproj/Main.storyboard; sourceTree = "<group>"; };
		9093CD61227ADA1F00457AA7 /* Assets.xcassets */ = {isa = PBXFileReference; lastKnownFileType = folder.assetcatalog; path = Assets.xcassets; sourceTree = "<group>"; };
		9093CD64227ADA1F00457AA7 /* Base */ = {isa = PBXFileReference; lastKnownFileType = file.storyboard; name = Base; path = Base.lproj/LaunchScreen.storyboard; sourceTree = "<group>"; };
		9093CD66227ADA1F00457AA7 /* Info.plist */ = {isa = PBXFileReference; lastKnownFileType = text.plist.xml; path = Info.plist; sourceTree = "<group>"; };
		9093CD6B227ADA1F00457AA7 /* Lab_2_MovieTests.xctest */ = {isa = PBXFileReference; explicitFileType = wrapper.cfbundle; includeInIndex = 0; path = Lab_2_MovieTests.xctest; sourceTree = BUILT_PRODUCTS_DIR; };
		9093CD6F227ADA1F00457AA7 /* Lab_2_MovieTests.swift */ = {isa = PBXFileReference; lastKnownFileType = sourcecode.swift; path = Lab_2_MovieTests.swift; sourceTree = "<group>"; };
		9093CD71227ADA1F00457AA7 /* Info.plist */ = {isa = PBXFileReference; lastKnownFileType = text.plist.xml; path = Info.plist; sourceTree = "<group>"; };
		9093CD76227ADA1F00457AA7 /* Lab_2_MovieUITests.xctest */ = {isa = PBXFileReference; explicitFileType = wrapper.cfbundle; includeInIndex = 0; path = Lab_2_MovieUITests.xctest; sourceTree = BUILT_PRODUCTS_DIR; };
		9093CD7A227ADA1F00457AA7 /* Lab_2_MovieUITests.swift */ = {isa = PBXFileReference; lastKnownFileType = sourcecode.swift; path = Lab_2_MovieUITests.swift; sourceTree = "<group>"; };
		9093CD7C227ADA1F00457AA7 /* Info.plist */ = {isa = PBXFileReference; lastKnownFileType = text.plist.xml; path = Info.plist; sourceTree = "<group>"; };
		9093CD88227ADA7400457AA7 /* TableViewController.swift */ = {isa = PBXFileReference; lastKnownFileType = sourcecode.swift; path = TableViewController.swift; sourceTree = "<group>"; };
		9093CD8A227ADAA500457AA7 /* Movie.swift */ = {isa = PBXFileReference; lastKnownFileType = sourcecode.swift; path = Movie.swift; sourceTree = "<group>"; };
		9093CD8C227ADDDD00457AA7 /* 1.jpg */ = {isa = PBXFileReference; lastKnownFileType = image.jpeg; path = 1.jpg; sourceTree = "<group>"; };
		9093CD8E227ADE7A00457AA7 /* 2.jpg */ = {isa = PBXFileReference; lastKnownFileType = image.jpeg; path = 2.jpg; sourceTree = "<group>"; };
		9093CD8F227ADE7A00457AA7 /* 3.jpg */ = {isa = PBXFileReference; lastKnownFileType = image.jpeg; path = 3.jpg; sourceTree = "<group>"; };
		9093CD92227ADF8D00457AA7 /* SecViewController.swift */ = {isa = PBXFileReference; lastKnownFileType = sourcecode.swift; path = SecViewController.swift; sourceTree = "<group>"; };
		96E176E5D437C1E280353170 /* Pods-Lab_2_MovieUITests.debug.xcconfig */ = {isa = PBXFileReference; includeInIndex = 1; lastKnownFileType = text.xcconfig; name = "Pods-Lab_2_MovieUITests.debug.xcconfig"; path = "Target Support Files/Pods-Lab_2_MovieUITests/Pods-Lab_2_MovieUITests.debug.xcconfig"; sourceTree = "<group>"; };
		984A8713B0BA7DEE9C396E5E /* Pods_Lab_2_MovieTests.framework */ = {isa = PBXFileReference; explicitFileType = wrapper.framework; includeInIndex = 0; path = Pods_Lab_2_MovieTests.framework; sourceTree = BUILT_PRODUCTS_DIR; };
		9D88BC6C888377E94391CAD6 /* Pods-Lab_2_Movie.debug.xcconfig */ = {isa = PBXFileReference; includeInIndex = 1; lastKnownFileType = text.xcconfig; name = "Pods-Lab_2_Movie.debug.xcconfig"; path = "Target Support Files/Pods-Lab_2_Movie/Pods-Lab_2_Movie.debug.xcconfig"; sourceTree = "<group>"; };
		B524AD76398D6E2E9719B3CE /* Pods-Lab_2_MovieTests.release.xcconfig */ = {isa = PBXFileReference; includeInIndex = 1; lastKnownFileType = text.xcconfig; name = "Pods-Lab_2_MovieTests.release.xcconfig"; path = "Target Support Files/Pods-Lab_2_MovieTests/Pods-Lab_2_MovieTests.release.xcconfig"; sourceTree = "<group>"; };
/* End PBXFileReference section */

/* Begin PBXFrameworksBuildPhase section */
		9093CD54227ADA1D00457AA7 /* Frameworks */ = {
			isa = PBXFrameworksBuildPhase;
			buildActionMask = 2147483647;
			files = (
				6CC41827E432F5A639560832 /* Pods_Lab_2_Movie.framework in Frameworks */,
			);
			runOnlyForDeploymentPostprocessing = 0;
		};
		9093CD68227ADA1F00457AA7 /* Frameworks */ = {
			isa = PBXFrameworksBuildPhase;
			buildActionMask = 2147483647;
			files = (
				E1E0FD83A2C1BCFD06DB1E00 /* Pods_Lab_2_MovieTests.framework in Frameworks */,
			);
			runOnlyForDeploymentPostprocessing = 0;
		};
		9093CD73227ADA1F00457AA7 /* Frameworks */ = {
			isa = PBXFrameworksBuildPhase;
			buildActionMask = 2147483647;
			files = (
				33494685C0967635B972A2B3 /* Pods_Lab_2_MovieUITests.framework in Frameworks */,
			);
			runOnlyForDeploymentPostprocessing = 0;
		};
/* End PBXFrameworksBuildPhase section */

/* Begin PBXGroup section */
		65EBED0169B7473AE4809CBE /* Pods */ = {
			isa = PBXGroup;
			children = (
				9D88BC6C888377E94391CAD6 /* Pods-Lab_2_Movie.debug.xcconfig */,
				5F9845967480C29470FA4251 /* Pods-Lab_2_Movie.release.xcconfig */,
				521A2DCE5650A00219BA8145 /* Pods-Lab_2_MovieTests.debug.xcconfig */,
				B524AD76398D6E2E9719B3CE /* Pods-Lab_2_MovieTests.release.xcconfig */,
				96E176E5D437C1E280353170 /* Pods-Lab_2_MovieUITests.debug.xcconfig */,
				46E698E563B7FF494546F5B2 /* Pods-Lab_2_MovieUITests.release.xcconfig */,
			);
			path = Pods;
			sourceTree = "<group>";
		};
		6BCF56CC8DF7DFD62F82BE0E /* Frameworks */ = {
			isa = PBXGroup;
			children = (
				53061FA6B430F9DF1EEC2BC1 /* Pods_Lab_2_Movie.framework */,
				984A8713B0BA7DEE9C396E5E /* Pods_Lab_2_MovieTests.framework */,
				67BADA177AB80865FE08D603 /* Pods_Lab_2_MovieUITests.framework */,
			);
			name = Frameworks;
			sourceTree = "<group>";
		};
		9093CD4E227ADA1D00457AA7 = {
			isa = PBXGroup;
			children = (
				9093CD59227ADA1D00457AA7 /* Lab_2_Movie */,
				9093CD6E227ADA1F00457AA7 /* Lab_2_MovieTests */,
				9093CD79227ADA1F00457AA7 /* Lab_2_MovieUITests */,
				9093CD58227ADA1D00457AA7 /* Products */,
				65EBED0169B7473AE4809CBE /* Pods */,
				6BCF56CC8DF7DFD62F82BE0E /* Frameworks */,
			);
			sourceTree = "<group>";
		};
		9093CD58227ADA1D00457AA7 /* Products */ = {
			isa = PBXGroup;
			children = (
				9093CD57227ADA1D00457AA7 /* Lab_2_Movie.app */,
				9093CD6B227ADA1F00457AA7 /* Lab_2_MovieTests.xctest */,
				9093CD76227ADA1F00457AA7 /* Lab_2_MovieUITests.xctest */,
			);
			name = Products;
			sourceTree = "<group>";
		};
		9093CD59227ADA1D00457AA7 /* Lab_2_Movie */ = {
			isa = PBXGroup;
			children = (
				9093CD8E227ADE7A00457AA7 /* 2.jpg */,
				9093CD8F227ADE7A00457AA7 /* 3.jpg */,
				9093CD8C227ADDDD00457AA7 /* 1.jpg */,
				9093CD5A227ADA1D00457AA7 /* AppDelegate.swift */,
				9093CD5E227ADA1D00457AA7 /* Main.storyboard */,
				9093CD61227ADA1F00457AA7 /* Assets.xcassets */,
				9093CD63227ADA1F00457AA7 /* LaunchScreen.storyboard */,
				9093CD66227ADA1F00457AA7 /* Info.plist */,
				9093CD88227ADA7400457AA7 /* TableViewController.swift */,
				906EA19E227CF186009D20AF /* Model.xcdatamodeld */,
				9093CD8A227ADAA500457AA7 /* Movie.swift */,
				9093CD92227ADF8D00457AA7 /* SecViewController.swift */,
				90903A8D227B027100FDCF26 /* NewViewController.swift */,
				90903A8F227B02BA00FDCF26 /* ImgTableViewController.swift */,
				90903A91227B079B00FDCF26 /* imgDelegate.swift */,
				90903A93227B09E200FDCF26 /* newMovieDel.swift */,
				906EA1A1227CF4F2009D20AF /* CoreDataHandler.swift */,
			);
			path = Lab_2_Movie;
			sourceTree = "<group>";
		};
		9093CD6E227ADA1F00457AA7 /* Lab_2_MovieTests */ = {
			isa = PBXGroup;
			children = (
				9093CD6F227ADA1F00457AA7 /* Lab_2_MovieTests.swift */,
				9093CD71227ADA1F00457AA7 /* Info.plist */,
			);
			path = Lab_2_MovieTests;
			sourceTree = "<group>";
		};
		9093CD79227ADA1F00457AA7 /* Lab_2_MovieUITests */ = {
			isa = PBXGroup;
			children = (
				9093CD7A227ADA1F00457AA7 /* Lab_2_MovieUITests.swift */,
				9093CD7C227ADA1F00457AA7 /* Info.plist */,
			);
			path = Lab_2_MovieUITests;
			sourceTree = "<group>";
		};
/* End PBXGroup section */

/* Begin PBXNativeTarget section */
		9093CD56227ADA1D00457AA7 /* Lab_2_Movie */ = {
			isa = PBXNativeTarget;
			buildConfigurationList = 9093CD7F227ADA1F00457AA7 /* Build configuration list for PBXNativeTarget "Lab_2_Movie" */;
			buildPhases = (
				E46A307E0BC74900D519DB20 /* [CP] Check Pods Manifest.lock */,
				9093CD53227ADA1D00457AA7 /* Sources */,
				9093CD54227ADA1D00457AA7 /* Frameworks */,
				9093CD55227ADA1D00457AA7 /* Resources */,
				0105D6583FAB6A64F6C98F01 /* [CP] Embed Pods Frameworks */,
			);
			buildRules = (
			);
			dependencies = (
			);
			name = Lab_2_Movie;
			productName = Lab_2_Movie;
			productReference = 9093CD57227ADA1D00457AA7 /* Lab_2_Movie.app */;
			productType = "com.apple.product-type.application";
		};
		9093CD6A227ADA1F00457AA7 /* Lab_2_MovieTests */ = {
			isa = PBXNativeTarget;
			buildConfigurationList = 9093CD82227ADA1F00457AA7 /* Build configuration list for PBXNativeTarget "Lab_2_MovieTests" */;
			buildPhases = (
				D0F5DE1209D7045B81A99939 /* [CP] Check Pods Manifest.lock */,
				9093CD67227ADA1F00457AA7 /* Sources */,
				9093CD68227ADA1F00457AA7 /* Frameworks */,
				9093CD69227ADA1F00457AA7 /* Resources */,
			);
			buildRules = (
			);
			dependencies = (
				9093CD6D227ADA1F00457AA7 /* PBXTargetDependency */,
			);
			name = Lab_2_MovieTests;
			productName = Lab_2_MovieTests;
			productReference = 9093CD6B227ADA1F00457AA7 /* Lab_2_MovieTests.xctest */;
			productType = "com.apple.product-type.bundle.unit-test";
		};
		9093CD75227ADA1F00457AA7 /* Lab_2_MovieUITests */ = {
			isa = PBXNativeTarget;
			buildConfigurationList = 9093CD85227ADA1F00457AA7 /* Build configuration list for PBXNativeTarget "Lab_2_MovieUITests" */;
			buildPhases = (
				EB51B5828D9FCE0A2B2A5240 /* [CP] Check Pods Manifest.lock */,
				9093CD72227ADA1F00457AA7 /* Sources */,
				9093CD73227ADA1F00457AA7 /* Frameworks */,
				9093CD74227ADA1F00457AA7 /* Resources */,
			);
			buildRules = (
			);
			dependencies = (
				9093CD78227ADA1F00457AA7 /* PBXTargetDependency */,
			);
			name = Lab_2_MovieUITests;
			productName = Lab_2_MovieUITests;
			productReference = 9093CD76227ADA1F00457AA7 /* Lab_2_MovieUITests.xctest */;
			productType = "com.apple.product-type.bundle.ui-testing";
		};
/* End PBXNativeTarget section */

/* Begin PBXProject section */
		9093CD4F227ADA1D00457AA7 /* Project object */ = {
			isa = PBXProject;
			attributes = {
				LastSwiftUpdateCheck = 1010;
				LastUpgradeCheck = 1010;
				ORGANIZATIONNAME = "M-M_M";
				TargetAttributes = {
					9093CD56227ADA1D00457AA7 = {
						CreatedOnToolsVersion = 10.1;
					};
					9093CD6A227ADA1F00457AA7 = {
						CreatedOnToolsVersion = 10.1;
						TestTargetID = 9093CD56227ADA1D00457AA7;
					};
					9093CD75227ADA1F00457AA7 = {
						CreatedOnToolsVersion = 10.1;
						TestTargetID = 9093CD56227ADA1D00457AA7;
					};
				};
			};
			buildConfigurationList = 9093CD52227ADA1D00457AA7 /* Build configuration list for PBXProject "Lab_2_Movie" */;
			compatibilityVersion = "Xcode 9.3";
			developmentRegion = en;
			hasScannedForEncodings = 0;
			knownRegions = (
				en,
				Base,
			);
			mainGroup = 9093CD4E227ADA1D00457AA7;
			productRefGroup = 9093CD58227ADA1D00457AA7 /* Products */;
			projectDirPath = "";
			projectRoot = "";
			targets = (
				9093CD56227ADA1D00457AA7 /* Lab_2_Movie */,
				9093CD6A227ADA1F00457AA7 /* Lab_2_MovieTests */,
				9093CD75227ADA1F00457AA7 /* Lab_2_MovieUITests */,
			);
		};
/* End PBXProject section */

/* Begin PBXResourcesBuildPhase section */
		9093CD55227ADA1D00457AA7 /* Resources */ = {
			isa = PBXResourcesBuildPhase;
			buildActionMask = 2147483647;
			files = (
				9093CD65227ADA1F00457AA7 /* LaunchScreen.storyboard in Resources */,
				9093CD8D227ADDDD00457AA7 /* 1.jpg in Resources */,
				9093CD90227ADE7A00457AA7 /* 2.jpg in Resources */,
				9093CD91227ADE7A00457AA7 /* 3.jpg in Resources */,
				9093CD62227ADA1F00457AA7 /* Assets.xcassets in Resources */,
				9093CD60227ADA1D00457AA7 /* Main.storyboard in Resources */,
			);
			runOnlyForDeploymentPostprocessing = 0;
		};
		9093CD69227ADA1F00457AA7 /* Resources */ = {
			isa = PBXResourcesBuildPhase;
			buildActionMask = 2147483647;
			files = (
			);
			runOnlyForDeploymentPostprocessing = 0;
		};
		9093CD74227ADA1F00457AA7 /* Resources */ = {
			isa = PBXResourcesBuildPhase;
			buildActionMask = 2147483647;
			files = (
			);
			runOnlyForDeploymentPostprocessing = 0;
		};
/* End PBXResourcesBuildPhase section */

/* Begin PBXShellScriptBuildPhase section */
		0105D6583FAB6A64F6C98F01 /* [CP] Embed Pods Frameworks */ = {
			isa = PBXShellScriptBuildPhase;
			buildActionMask = 2147483647;
			files = (
			);
			inputFileListPaths = (
			);
			inputPaths = (
				"${PODS_ROOT}/Target Support Files/Pods-Lab_2_Movie/Pods-Lab_2_Movie-frameworks.sh",
				"${BUILT_PRODUCTS_DIR}/ReachabilitySwift/Reachability.framework",
				"${BUILT_PRODUCTS_DIR}/SDWebImage/SDWebImage.framework",
			);
			name = "[CP] Embed Pods Frameworks";
			outputFileListPaths = (
			);
			outputPaths = (
				"${TARGET_BUILD_DIR}/${FRAMEWORKS_FOLDER_PATH}/Reachability.framework",
				"${TARGET_BUILD_DIR}/${FRAMEWORKS_FOLDER_PATH}/SDWebImage.framework",
			);
			runOnlyForDeploymentPostprocessing = 0;
			shellPath = /bin/sh;
			shellScript = "\"${PODS_ROOT}/Target Support Files/Pods-Lab_2_Movie/Pods-Lab_2_Movie-frameworks.sh\"\n";
			showEnvVarsInLog = 0;
		};
		D0F5DE1209D7045B81A99939 /* [CP] Check Pods Manifest.lock */ = {
			isa = PBXShellScriptBuildPhase;
			buildActionMask = 2147483647;
			files = (
			);
			inputFileListPaths = (
			);
			inputPaths = (
				"${PODS_PODFILE_DIR_PATH}/Podfile.lock",
				"${PODS_ROOT}/Manifest.lock",
			);
			name = "[CP] Check Pods Manifest.lock";
			outputFileListPaths = (
			);
			outputPaths = (
				"$(DERIVED_FILE_DIR)/Pods-Lab_2_MovieTests-checkManifestLockResult.txt",
			);
			runOnlyForDeploymentPostprocessing = 0;
			shellPath = /bin/sh;
			shellScript = "diff \"${PODS_PODFILE_DIR_PATH}/Podfile.lock\" \"${PODS_ROOT}/Manifest.lock\" > /dev/null\nif [ $? != 0 ] ; then\n    # print error to STDERR\n    echo \"error: The sandbox is not in sync with the Podfile.lock. Run 'pod install' or update your CocoaPods installation.\" >&2\n    exit 1\nfi\n# This output is used by Xcode 'outputs' to avoid re-running this script phase.\necho \"SUCCESS\" > \"${SCRIPT_OUTPUT_FILE_0}\"\n";
			showEnvVarsInLog = 0;
		};
		E46A307E0BC74900D519DB20 /* [CP] Check Pods Manifest.lock */ = {
			isa = PBXShellScriptBuildPhase;
			buildActionMask = 2147483647;
			files = (
			);
			inputFileListPaths = (
			);
			inputPaths = (
				"${PODS_PODFILE_DIR_PATH}/Podfile.lock",
				"${PODS_ROOT}/Manifest.lock",
			);
			name = "[CP] Check Pods Manifest.lock";
			outputFileListPaths = (
			);
			outputPaths = (
				"$(DERIVED_FILE_DIR)/Pods-Lab_2_Movie-checkManifestLockResult.txt",
			);
			runOnlyForDeploymentPostprocessing = 0;
			shellPath = /bin/sh;
			shellScript = "diff \"${PODS_PODFILE_DIR_PATH}/Podfile.lock\" \"${PODS_ROOT}/Manifest.lock\" > /dev/null\nif [ $? != 0 ] ; then\n    # print error to STDERR\n    echo \"error: The sandbox is not in sync with the Podfile.lock. Run 'pod install' or update your CocoaPods installation.\" >&2\n    exit 1\nfi\n# This output is used by Xcode 'outputs' to avoid re-running this script phase.\necho \"SUCCESS\" > \"${SCRIPT_OUTPUT_FILE_0}\"\n";
			showEnvVarsInLog = 0;
		};
		EB51B5828D9FCE0A2B2A5240 /* [CP] Check Pods Manifest.lock */ = {
			isa = PBXShellScriptBuildPhase;
			buildActionMask = 2147483647;
			files = (
			);
			inputFileListPaths = (
			);
			inputPaths = (
				"${PODS_PODFILE_DIR_PATH}/Podfile.lock",
				"${PODS_ROOT}/Manifest.lock",
			);
			name = "[CP] Check Pods Manifest.lock";
			outputFileListPaths = (
			);
			outputPaths = (
				"$(DERIVED_FILE_DIR)/Pods-Lab_2_MovieUITests-checkManifestLockResult.txt",
			);
			runOnlyForDeploymentPostprocessing = 0;
			shellPath = /bin/sh;
			shellScript = "diff \"${PODS_PODFILE_DIR_PATH}/Podfile.lock\" \"${PODS_ROOT}/Manifest.lock\" > /dev/null\nif [ $? != 0 ] ; then\n    # print error to STDERR\n    echo \"error: The sandbox is not in sync with the Podfile.lock. Run 'pod install' or update your CocoaPods installation.\" >&2\n    exit 1\nfi\n# This output is used by Xcode 'outputs' to avoid re-running this script phase.\necho \"SUCCESS\" > \"${SCRIPT_OUTPUT_FILE_0}\"\n";
			showEnvVarsInLog = 0;
		};
/* End PBXShellScriptBuildPhase section */

/* Begin PBXSourcesBuildPhase section */
		9093CD53227ADA1D00457AA7 /* Sources */ = {
			isa = PBXSourcesBuildPhase;
			buildActionMask = 2147483647;
			files = (
				9093CD93227ADF8D00457AA7 /* SecViewController.swift in Sources */,
				906EA1A2227CF4F2009D20AF /* CoreDataHandler.swift in Sources */,
				9093CD5B227ADA1D00457AA7 /* AppDelegate.swift in Sources */,
				90903A8E227B027100FDCF26 /* NewViewController.swift in Sources */,
				90903A94227B09E200FDCF26 /* newMovieDel.swift in Sources */,
				90903A92227B079B00FDCF26 /* imgDelegate.swift in Sources */,
				906EA1A0227CF186009D20AF /* Model.xcdatamodeld in Sources */,
				9093CD89227ADA7400457AA7 /* TableViewController.swift in Sources */,
				9093CD8B227ADAA500457AA7 /* Movie.swift in Sources */,
				90903A90227B02BA00FDCF26 /* ImgTableViewController.swift in Sources */,
			);
			runOnlyForDeploymentPostprocessing = 0;
		};
		9093CD67227ADA1F00457AA7 /* Sources */ = {
			isa = PBXSourcesBuildPhase;
			buildActionMask = 2147483647;
			files = (
				9093CD70227ADA1F00457AA7 /* Lab_2_MovieTests.swift in Sources */,
			);
			runOnlyForDeploymentPostprocessing = 0;
		};
		9093CD72227ADA1F00457AA7 /* Sources */ = {
			isa = PBXSourcesBuildPhase;
			buildActionMask = 2147483647;
			files = (
				9093CD7B227ADA1F00457AA7 /* Lab_2_MovieUITests.swift in Sources */,
			);
			runOnlyForDeploymentPostprocessing = 0;
		};
/* End PBXSourcesBuildPhase section */

/* Begin PBXTargetDependency section */
		9093CD6D227ADA1F00457AA7 /* PBXTargetDependency */ = {
			isa = PBXTargetDependency;
			target = 9093CD56227ADA1D00457AA7 /* Lab_2_Movie */;
			targetProxy = 9093CD6C227ADA1F00457AA7 /* PBXContainerItemProxy */;
		};
		9093CD78227ADA1F00457AA7 /* PBXTargetDependency */ = {
			isa = PBXTargetDependency;
			target = 9093CD56227ADA1D00457AA7 /* Lab_2_Movie */;
			targetProxy = 9093CD77227ADA1F00457AA7 /* PBXContainerItemProxy */;
		};
/* End PBXTargetDependency section */

/* Begin PBXVariantGroup section */
		9093CD5E227ADA1D00457AA7 /* Main.storyboard */ = {
			isa = PBXVariantGroup;
			children = (
				9093CD5F227ADA1D00457AA7 /* Base */,
			);
			name = Main.storyboard;
			sourceTree = "<group>";
		};
		9093CD63227ADA1F00457AA7 /* LaunchScreen.storyboard */ = {
			isa = PBXVariantGroup;
			children = (
				9093CD64227ADA1F00457AA7 /* Base */,
			);
			name = LaunchScreen.storyboard;
			sourceTree = "<group>";
		};
/* End PBXVariantGroup section */

/* Begin XCBuildConfiguration section */
		9093CD7D227ADA1F00457AA7 /* Debug */ = {
			isa = XCBuildConfiguration;
			buildSettings = {
				ALWAYS_SEARCH_USER_PATHS = NO;
				CLANG_ANALYZER_NONNULL = YES;
				CLANG_ANALYZER_NUMBER_OBJECT_CONVERSION = YES_AGGRESSIVE;
				CLANG_CXX_LANGUAGE_STANDARD = "gnu++14";
				CLANG_CXX_LIBRARY = "libc++";
				CLANG_ENABLE_MODULES = YES;
				CLANG_ENABLE_OBJC_ARC = YES;
				CLANG_ENABLE_OBJC_WEAK = YES;
				CLANG_WARN_BLOCK_CAPTURE_AUTORELEASING = YES;
				CLANG_WARN_BOOL_CONVERSION = YES;
				CLANG_WARN_COMMA = YES;
				CLANG_WARN_CONSTANT_CONVERSION = YES;
				CLANG_WARN_DEPRECATED_OBJC_IMPLEMENTATIONS = YES;
				CLANG_WARN_DIRECT_OBJC_ISA_USAGE = YES_ERROR;
				CLANG_WARN_DOCUMENTATION_COMMENTS = YES;
				CLANG_WARN_EMPTY_BODY = YES;
				CLANG_WARN_ENUM_CONVERSION = YES;
				CLANG_WARN_INFINITE_RECURSION = YES;
				CLANG_WARN_INT_CONVERSION = YES;
				CLANG_WARN_NON_LITERAL_NULL_CONVERSION = YES;
				CLANG_WARN_OBJC_IMPLICIT_RETAIN_SELF = YES;
				CLANG_WARN_OBJC_LITERAL_CONVERSION = YES;
				CLANG_WARN_OBJC_ROOT_CLASS = YES_ERROR;
				CLANG_WARN_RANGE_LOOP_ANALYSIS = YES;
				CLANG_WARN_STRICT_PROTOTYPES = YES;
				CLANG_WARN_SUSPICIOUS_MOVE = YES;
				CLANG_WARN_UNGUARDED_AVAILABILITY = YES_AGGRESSIVE;
				CLANG_WARN_UNREACHABLE_CODE = YES;
				CLANG_WARN__DUPLICATE_METHOD_MATCH = YES;
				CODE_SIGN_IDENTITY = "iPhone Developer";
				COPY_PHASE_STRIP = NO;
				DEBUG_INFORMATION_FORMAT = dwarf;
				ENABLE_STRICT_OBJC_MSGSEND = YES;
				ENABLE_TESTABILITY = YES;
				GCC_C_LANGUAGE_STANDARD = gnu11;
				GCC_DYNAMIC_NO_PIC = NO;
				GCC_NO_COMMON_BLOCKS = YES;
				GCC_OPTIMIZATION_LEVEL = 0;
				GCC_PREPROCESSOR_DEFINITIONS = (
					"DEBUG=1",
					"$(inherited)",
				);
				GCC_WARN_64_TO_32_BIT_CONVERSION = YES;
				GCC_WARN_ABOUT_RETURN_TYPE = YES_ERROR;
				GCC_WARN_UNDECLARED_SELECTOR = YES;
				GCC_WARN_UNINITIALIZED_AUTOS = YES_AGGRESSIVE;
				GCC_WARN_UNUSED_FUNCTION = YES;
				GCC_WARN_UNUSED_VARIABLE = YES;
				IPHONEOS_DEPLOYMENT_TARGET = 12.1;
				MTL_ENABLE_DEBUG_INFO = INCLUDE_SOURCE;
				MTL_FAST_MATH = YES;
				ONLY_ACTIVE_ARCH = YES;
				SDKROOT = iphoneos;
				SWIFT_ACTIVE_COMPILATION_CONDITIONS = DEBUG;
				SWIFT_OPTIMIZATION_LEVEL = "-Onone";
			};
			name = Debug;
		};
		9093CD7E227ADA1F00457AA7 /* Release */ = {
			isa = XCBuildConfiguration;
			buildSettings = {
				ALWAYS_SEARCH_USER_PATHS = NO;
				CLANG_ANALYZER_NONNULL = YES;
				CLANG_ANALYZER_NUMBER_OBJECT_CONVERSION = YES_AGGRESSIVE;
				CLANG_CXX_LANGUAGE_STANDARD = "gnu++14";
				CLANG_CXX_LIBRARY = "libc++";
				CLANG_ENABLE_MODULES = YES;
				CLANG_ENABLE_OBJC_ARC = YES;
				CLANG_ENABLE_OBJC_WEAK = YES;
				CLANG_WARN_BLOCK_CAPTURE_AUTORELEASING = YES;
				CLANG_WARN_BOOL_CONVERSION = YES;
				CLANG_WARN_COMMA = YES;
				CLANG_WARN_CONSTANT_CONVERSION = YES;
				CLANG_WARN_DEPRECATED_OBJC_IMPLEMENTATIONS = YES;
				CLANG_WARN_DIRECT_OBJC_ISA_USAGE = YES_ERROR;
				CLANG_WARN_DOCUMENTATION_COMMENTS = YES;
				CLANG_WARN_EMPTY_BODY = YES;
				CLANG_WARN_ENUM_CONVERSION = YES;
				CLANG_WARN_INFINITE_RECURSION = YES;
				CLANG_WARN_INT_CONVERSION = YES;
				CLANG_WARN_NON_LITERAL_NULL_CONVERSION = YES;
				CLANG_WARN_OBJC_IMPLICIT_RETAIN_SELF = YES;
				CLANG_WARN_OBJC_LITERAL_CONVERSION = YES;
				CLANG_WARN_OBJC_ROOT_CLASS = YES_ERROR;
				CLANG_WARN_RANGE_LOOP_ANALYSIS = YES;
				CLANG_WARN_STRICT_PROTOTYPES = YES;
				CLANG_WARN_SUSPICIOUS_MOVE = YES;
				CLANG_WARN_UNGUARDED_AVAILABILITY = YES_AGGRESSIVE;
				CLANG_WARN_UNREACHABLE_CODE = YES;
				CLANG_WARN__DUPLICATE_METHOD_MATCH = YES;
				CODE_SIGN_IDENTITY = "iPhone Developer";
				COPY_PHASE_STRIP = NO;
				DEBUG_INFORMATION_FORMAT = "dwarf-with-dsym";
				ENABLE_NS_ASSERTIONS = NO;
				ENABLE_STRICT_OBJC_MSGSEND = YES;
				GCC_C_LANGUAGE_STANDARD = gnu11;
				GCC_NO_COMMON_BLOCKS = YES;
				GCC_WARN_64_TO_32_BIT_CONVERSION = YES;
				GCC_WARN_ABOUT_RETURN_TYPE = YES_ERROR;
				GCC_WARN_UNDECLARED_SELECTOR = YES;
				GCC_WARN_UNINITIALIZED_AUTOS = YES_AGGRESSIVE;
				GCC_WARN_UNUSED_FUNCTION = YES;
				GCC_WARN_UNUSED_VARIABLE = YES;
				IPHONEOS_DEPLOYMENT_TARGET = 12.1;
				MTL_ENABLE_DEBUG_INFO = NO;
				MTL_FAST_MATH = YES;
				SDKROOT = iphoneos;
				SWIFT_COMPILATION_MODE = wholemodule;
				SWIFT_OPTIMIZATION_LEVEL = "-O";
				VALIDATE_PRODUCT = YES;
			};
			name = Release;
		};
		9093CD80227ADA1F00457AA7 /* Debug */ = {
			isa = XCBuildConfiguration;
			baseConfigurationReference = 9D88BC6C888377E94391CAD6 /* Pods-Lab_2_Movie.debug.xcconfig */;
			buildSettings = {
				ASSETCATALOG_COMPILER_APPICON_NAME = AppIcon;
				CODE_SIGN_STYLE = Automatic;
				INFOPLIST_FILE = Lab_2_Movie/Info.plist;
				LD_RUNPATH_SEARCH_PATHS = (
					"$(inherited)",
					"@executable_path/Frameworks",
				);
				PRODUCT_BUNDLE_IDENTIFIER = "com.M-M-M.Lab-2-Movie";
				PRODUCT_NAME = "$(TARGET_NAME)";
				SWIFT_VERSION = 4.2;
				TARGETED_DEVICE_FAMILY = "1,2";
			};
			name = Debug;
		};
		9093CD81227ADA1F00457AA7 /* Release */ = {
			isa = XCBuildConfiguration;
			baseConfigurationReference = 5F9845967480C29470FA4251 /* Pods-Lab_2_Movie.release.xcconfig */;
			buildSettings = {
				ASSETCATALOG_COMPILER_APPICON_NAME = AppIcon;
				CODE_SIGN_STYLE = Automatic;
				INFOPLIST_FILE = Lab_2_Movie/Info.plist;
				LD_RUNPATH_SEARCH_PATHS = (
					"$(inherited)",
					"@executable_path/Frameworks",
				);
				PRODUCT_BUNDLE_IDENTIFIER = "com.M-M-M.Lab-2-Movie";
				PRODUCT_NAME = "$(TARGET_NAME)";
				SWIFT_VERSION = 4.2;
				TARGETED_DEVICE_FAMILY = "1,2";
			};
			name = Release;
		};
		9093CD83227ADA1F00457AA7 /* Debug */ = {
			isa = XCBuildConfiguration;
			baseConfigurationReference = 521A2DCE5650A00219BA8145 /* Pods-Lab_2_MovieTests.debug.xcconfig */;
			buildSettings = {
				ALWAYS_EMBED_SWIFT_STANDARD_LIBRARIES = YES;
				BUNDLE_LOADER = "$(TEST_HOST)";
				CODE_SIGN_STYLE = Automatic;
				INFOPLIST_FILE = Lab_2_MovieTests/Info.plist;
				LD_RUNPATH_SEARCH_PATHS = (
					"$(inherited)",
					"@executable_path/Frameworks",
					"@loader_path/Frameworks",
				);
				PRODUCT_BUNDLE_IDENTIFIER = "com.M-M-M.Lab-2-MovieTests";
				PRODUCT_NAME = "$(TARGET_NAME)";
				SWIFT_VERSION = 4.2;
				TARGETED_DEVICE_FAMILY = "1,2";
				TEST_HOST = "$(BUILT_PRODUCTS_DIR)/Lab_2_Movie.app/Lab_2_Movie";
			};
			name = Debug;
		};
		9093CD84227ADA1F00457AA7 /* Release */ = {
			isa = XCBuildConfiguration;
			baseConfigurationReference = B524AD76398D6E2E9719B3CE /* Pods-Lab_2_MovieTests.release.xcconfig */;
			buildSettings = {
				ALWAYS_EMBED_SWIFT_STANDARD_LIBRARIES = YES;
				BUNDLE_LOADER = "$(TEST_HOST)";
				CODE_SIGN_STYLE = Automatic;
				INFOPLIST_FILE = Lab_2_MovieTests/Info.plist;
				LD_RUNPATH_SEARCH_PATHS = (
					"$(inherited)",
					"@executable_path/Frameworks",
					"@loader_path/Frameworks",
				);
				PRODUCT_BUNDLE_IDENTIFIER = "com.M-M-M.Lab-2-MovieTests";
				PRODUCT_NAME = "$(TARGET_NAME)";
				SWIFT_VERSION = 4.2;
				TARGETED_DEVICE_FAMILY = "1,2";
				TEST_HOST = "$(BUILT_PRODUCTS_DIR)/Lab_2_Movie.app/Lab_2_Movie";
			};
			name = Release;
		};
		9093CD86227ADA1F00457AA7 /* Debug */ = {
			isa = XCBuildConfiguration;
			baseConfigurationReference = 96E176E5D437C1E280353170 /* Pods-Lab_2_MovieUITests.debug.xcconfig */;
			buildSettings = {
				ALWAYS_EMBED_SWIFT_STANDARD_LIBRARIES = YES;
				CODE_SIGN_STYLE = Automatic;
				INFOPLIST_FILE = Lab_2_MovieUITests/Info.plist;
				LD_RUNPATH_SEARCH_PATHS = (
					"$(inherited)",
					"@executable_path/Frameworks",
					"@loader_path/Frameworks",
				);
				PRODUCT_BUNDLE_IDENTIFIER = "com.M-M-M.Lab-2-MovieUITests";
				PRODUCT_NAME = "$(TARGET_NAME)";
				SWIFT_VERSION = 4.2;
				TARGETED_DEVICE_FAMILY = "1,2";
				TEST_TARGET_NAME = Lab_2_Movie;
			};
			name = Debug;
		};
		9093CD87227ADA1F00457AA7 /* Release */ = {
			isa = XCBuildConfiguration;
			baseConfigurationReference = 46E698E563B7FF494546F5B2 /* Pods-Lab_2_MovieUITests.release.xcconfig */;
			buildSettings = {
				ALWAYS_EMBED_SWIFT_STANDARD_LIBRARIES = YES;
				CODE_SIGN_STYLE = Automatic;
				INFOPLIST_FILE = Lab_2_MovieUITests/Info.plist;
				LD_RUNPATH_SEARCH_PATHS = (
					"$(inherited)",
					"@executable_path/Frameworks",
					"@loader_path/Frameworks",
				);
				PRODUCT_BUNDLE_IDENTIFIER = "com.M-M-M.Lab-2-MovieUITests";
				PRODUCT_NAME = "$(TARGET_NAME)";
				SWIFT_VERSION = 4.2;
				TARGETED_DEVICE_FAMILY = "1,2";
				TEST_TARGET_NAME = Lab_2_Movie;
			};
			name = Release;
		};
/* End XCBuildConfiguration section */

/* Begin XCConfigurationList section */
		9093CD52227ADA1D00457AA7 /* Build configuration list for PBXProject "Lab_2_Movie" */ = {
			isa = XCConfigurationList;
			buildConfigurations = (
				9093CD7D227ADA1F00457AA7 /* Debug */,
				9093CD7E227ADA1F00457AA7 /* Release */,
			);
			defaultConfigurationIsVisible = 0;
			defaultConfigurationName = Release;
		};
		9093CD7F227ADA1F00457AA7 /* Build configuration list for PBXNativeTarget "Lab_2_Movie" */ = {
			isa = XCConfigurationList;
			buildConfigurations = (
				9093CD80227ADA1F00457AA7 /* Debug */,
				9093CD81227ADA1F00457AA7 /* Release */,
			);
			defaultConfigurationIsVisible = 0;
			defaultConfigurationName = Release;
		};
		9093CD82227ADA1F00457AA7 /* Build configuration list for PBXNativeTarget "Lab_2_MovieTests" */ = {
			isa = XCConfigurationList;
			buildConfigurations = (
				9093CD83227ADA1F00457AA7 /* Debug */,
				9093CD84227ADA1F00457AA7 /* Release */,
			);
			defaultConfigurationIsVisible = 0;
			defaultConfigurationName = Release;
		};
		9093CD85227ADA1F00457AA7 /* Build configuration list for PBXNativeTarget "Lab_2_MovieUITests" */ = {
			isa = XCConfigurationList;
			buildConfigurations = (
				9093CD86227ADA1F00457AA7 /* Debug */,
				9093CD87227ADA1F00457AA7 /* Release */,
			);
			defaultConfigurationIsVisible = 0;
			defaultConfigurationName = Release;
		};
/* End XCConfigurationList section */

/* Begin XCVersionGroup section */
		906EA19E227CF186009D20AF /* Model.xcdatamodeld */ = {
			isa = XCVersionGroup;
			children = (
				906EA19F227CF186009D20AF /* Model.xcdatamodel */,
			);
			currentVersion = 906EA19F227CF186009D20AF /* Model.xcdatamodel */;
			path = Model.xcdatamodeld;
			sourceTree = "<group>";
			versionGroupType = wrapper.xcdatamodel;
		};
/* End XCVersionGroup section */
	};
	rootObject = 9093CD4F227ADA1D00457AA7 /* Project object */;
}
